
Microsoft Visual Studio Solution File, Format Version 12.00
# Visual Studio Version 16
VisualStudioVersion = 16.0.30225.117
MinimumVisualStudioVersion = 10.0.40219.1
Project("{9A19103F-16F7-4668-BE54-9A1E7A4F7556}") = "OMF_API", "OMF_API.csproj", "{003FCFF9-D1EA-4A0E-A3F1-143319B8F7B0}"
EndProject
Global
	GlobalSection(SolutionConfigurationPlatforms) = preSolution
		Debug|Any CPU = Debug|Any CPU
		Release|Any CPU = Release|Any CPU
	EndGlobalSection
	GlobalSection(ProjectConfigurationPlatforms) = postSolution
		{003FCFF9-D1EA-4A0E-A3F1-143319B8F7B0}.Debug|Any CPU.ActiveCfg = Debug|Any CPU
		{003FCFF9-D1EA-4A0E-A3F1-143319B8F7B0}.Debug|Any CPU.Build.0 = Debug|Any CPU
		{003FCFF9-D1EA-4A0E-A3F1-143319B8F7B0}.Release|Any CPU.ActiveCfg = Release|Any CPU
		{003FCFF9-D1EA-4A0E-A3F1-143319B8F7B0}.Release|Any CPU.Build.0 = Release|Any CPU
	EndGlobalSection
	GlobalSection(SolutionProperties) = preSolution
		HideSolutionNode = FALSE
	EndGlobalSection
	GlobalSection(ExtensibilityGlobals) = postSolution
		SolutionGuid = {35211F3A-7B6A-4B72-BF22-38E389F17C5D}
	EndGlobalSection
EndGlobal
